
Microsoft Visual Studio Solution File, Format Version 12.00
# Visual Studio Version 17
VisualStudioVersion = 17.8.34408.163
MinimumVisualStudioVersion = 10.0.40219.1
Project("{FAE04EC0-301F-11D3-BF4B-00C04F79EFBC}") = "distributedsystemfinal", "distributedsystemfinal\distributedsystemfinal.csproj", "{EC4DD542-BCBC-47F5-8FB4-459C85B51F93}"
EndProject
Global
	GlobalSection(SolutionConfigurationPlatforms) = preSolution
		Debug|Any CPU = Debug|Any CPU
		Release|Any CPU = Release|Any CPU
	EndGlobalSection
	GlobalSection(ProjectConfigurationPlatforms) = postSolution
		{EC4DD542-BCBC-47F5-8FB4-459C85B51F93}.Debug|Any CPU.ActiveCfg = Debug|Any CPU
		{EC4DD542-BCBC-47F5-8FB4-459C85B51F93}.Debug|Any CPU.Build.0 = Debug|Any CPU
		{EC4DD542-BCBC-47F5-8FB4-459C85B51F93}.Release|Any CPU.ActiveCfg = Release|Any CPU
		{EC4DD542-BCBC-47F5-8FB4-459C85B51F93}.Release|Any CPU.Build.0 = Release|Any CPU
	EndGlobalSection
	GlobalSection(SolutionProperties) = preSolution
		HideSolutionNode = FALSE
	EndGlobalSection
	GlobalSection(ExtensibilityGlobals) = postSolution
		SolutionGuid = {952B4714-4B1F-42E0-B07C-A6041E4FE571}
	EndGlobalSection
EndGlobal
